
Microsoft Visual Studio Solution File, Format Version 12.00
# Visual Studio Version 16
VisualStudioVersion = 16.0.31605.320
MinimumVisualStudioVersion = 10.0.40219.1
Project("{9A19103F-16F7-4668-BE54-9A1E7A4F7556}") = "letsmakeit.Server", "letsmakeit\Server\letsmakeit.Server.csproj", "{BF901001-9A2D-4943-9566-9278800F7E5B}"
EndProject
Project("{9A19103F-16F7-4668-BE54-9A1E7A4F7556}") = "letsmakeit.Client", "letsmakeit\Client\letsmakeit.Client.csproj", "{F098E9CD-2CE6-4D22-8A25-259F1EA5D923}"
EndProject
Project("{9A19103F-16F7-4668-BE54-9A1E7A4F7556}") = "letsmakeit.Shared", "letsmakeit\Shared\letsmakeit.Shared.csproj", "{77AC300A-71EF-43FC-9722-A6273E4E670F}"
EndProject
Global
	GlobalSection(SolutionConfigurationPlatforms) = preSolution
		Debug|Any CPU = Debug|Any CPU
		Release|Any CPU = Release|Any CPU
	EndGlobalSection
	GlobalSection(ProjectConfigurationPlatforms) = postSolution
		{BF901001-9A2D-4943-9566-9278800F7E5B}.Debug|Any CPU.ActiveCfg = Debug|Any CPU
		{BF901001-9A2D-4943-9566-9278800F7E5B}.Debug|Any CPU.Build.0 = Debug|Any CPU
		{BF901001-9A2D-4943-9566-9278800F7E5B}.Release|Any CPU.ActiveCfg = Release|Any CPU
		{BF901001-9A2D-4943-9566-9278800F7E5B}.Release|Any CPU.Build.0 = Release|Any CPU
		{F098E9CD-2CE6-4D22-8A25-259F1EA5D923}.Debug|Any CPU.ActiveCfg = Debug|Any CPU
		{F098E9CD-2CE6-4D22-8A25-259F1EA5D923}.Debug|Any CPU.Build.0 = Debug|Any CPU
		{F098E9CD-2CE6-4D22-8A25-259F1EA5D923}.Release|Any CPU.ActiveCfg = Release|Any CPU
		{F098E9CD-2CE6-4D22-8A25-259F1EA5D923}.Release|Any CPU.Build.0 = Release|Any CPU
		{77AC300A-71EF-43FC-9722-A6273E4E670F}.Debug|Any CPU.ActiveCfg = Debug|Any CPU
		{77AC300A-71EF-43FC-9722-A6273E4E670F}.Debug|Any CPU.Build.0 = Debug|Any CPU
		{77AC300A-71EF-43FC-9722-A6273E4E670F}.Release|Any CPU.ActiveCfg = Release|Any CPU
		{77AC300A-71EF-43FC-9722-A6273E4E670F}.Release|Any CPU.Build.0 = Release|Any CPU
	EndGlobalSection
	GlobalSection(SolutionProperties) = preSolution
		HideSolutionNode = FALSE
	EndGlobalSection
	GlobalSection(ExtensibilityGlobals) = postSolution
		SolutionGuid = {FB154A6C-07E7-432E-8661-533B2B95E351}
	EndGlobalSection
EndGlobal
